<Solution>
  <Folder Name="/test/">
    <Project Path="test/GodotGenerator.Blazor.Tests/GodotGenerator.Blazor.Tests.csproj" />
    <Project Path="test/GodotGenerator.Application.Tests/GodotGenerator.Application.Tests.csproj" />
    <Project Path="test/GodotGenerator.Infrastructure.Ai.Tests/GodotGenerator.Infrastructure.Ai.Tests.csproj" />
    <Project Path="test/GodotGenerator.Infrastructure.Persistence.Tests/GodotGenerator.Infrastructure.Persistence.Tests.csproj" />
  </Folder>
  <Folder Name="/src/">
    <Project Path="src/GodotGenerator.Api/GodotGenerator.Api.csproj" />
    <Project Path="src/GodotGenerator.Application/GodotGenerator.Application.csproj" />
    <Project Path="src/GodotGenerator.Domain/GodotGenerator.Domain.csproj" />
    <Project Path="src/GodotGenerator.Infrastructure.Ai/GodotGenerator.Infrastructure.Ai.csproj" />
    <Project Path="src/GodotGenerator.Infrastructure.Persistence/GodotGenerator.Infrastructure.Persistence.csproj" />
  </Folder>
  <Project Path="Godot-Generator-Blazor/Godot-Generator-Blazor.csproj" Id="adef89e6-e397-49bb-989e-c143898492d2" />
  <Project Path="GodotGenerator.Blazor/GodotGenerator.Blazor.Client/GodotGenerator.Blazor.Client.csproj" Id="05b8b605-a10c-4992-a8d8-53192604caa1" />
  <Project Path="GodotGenerator.Blazor/GodotGenerator.Blazor/GodotGenerator.Blazor.csproj" Id="296fc346-06f3-430e-9a2e-c450ef29f619" />
</Solution>
