
Microsoft Visual Studio Solution File, Format Version 12.00
# Visual Studio Version 18
VisualStudioVersion = 18.4.11626.88
MinimumVisualStudioVersion = 10.0.40219.1
Project("{2150E333-8FDC-42A3-9474-1A3956D46DE8}") = "src", "src", "{827E0CD3-B72D-47B6-A68D-7590B98EB39B}"
EndProject
Project("{FAE04EC0-301F-11D3-BF4B-00C04F79EFBC}") = "GodotGenerator.Domain", "src\GodotGenerator.Domain\GodotGenerator.Domain.csproj", "{83E7B50D-B08B-4D8E-8DC3-A648719840E1}"
EndProject
Project("{FAE04EC0-301F-11D3-BF4B-00C04F79EFBC}") = "GodotGenerator.Application", "src\GodotGenerator.Application\GodotGenerator.Application.csproj", "{4C20DD87-8B93-46C6-B3DD-2784F4CA6650}"
EndProject
Project("{FAE04EC0-301F-11D3-BF4B-00C04F79EFBC}") = "GodotGenerator.Infrastructure.Persistence", "src\GodotGenerator.Infrastructure.Persistence\GodotGenerator.Infrastructure.Persistence.csproj", "{F96441DF-0FBB-47A2-8885-2F439DF2BDF7}"
EndProject
Project("{FAE04EC0-301F-11D3-BF4B-00C04F79EFBC}") = "GodotGenerator.Infrastructure.Ai", "src\GodotGenerator.Infrastructure.Ai\GodotGenerator.Infrastructure.Ai.csproj", "{EE1AFC87-602F-4B3E-9AC2-64DD0D22D9C9}"
EndProject
Project("{2150E333-8FDC-42A3-9474-1A3956D46DE8}") = "test", "test", "{0C88DD14-F956-CE84-757C-A364CCF449FC}"
EndProject
Project("{FAE04EC0-301F-11D3-BF4B-00C04F79EFBC}") = "GodotGenerator.Application.Tests", "test\GodotGenerator.Application.Tests\GodotGenerator.Application.Tests.csproj", "{5B91E29D-FE32-4738-A696-8DC17E1829CD}"
EndProject
Project("{FAE04EC0-301F-11D3-BF4B-00C04F79EFBC}") = "GodotGenerator.Infrastructure.Persistence.Tests", "test\GodotGenerator.Infrastructure.Persistence.Tests\GodotGenerator.Infrastructure.Persistence.Tests.csproj", "{726550EB-2D11-4F67-8BC4-A41A28B539F9}"
EndProject
Project("{FAE04EC0-301F-11D3-BF4B-00C04F79EFBC}") = "GodotGenerator.Infrastructure.Ai.Tests", "test\GodotGenerator.Infrastructure.Ai.Tests\GodotGenerator.Infrastructure.Ai.Tests.csproj", "{A3371336-0A33-4972-94E0-87976099D156}"
EndProject
Project("{FAE04EC0-301F-11D3-BF4B-00C04F79EFBC}") = "GodotGenerator.Api", "src\GodotGenerator.Api\GodotGenerator.Api.csproj", "{08178789-D289-4435-B7EE-C9536A109D8E}"
EndProject
Project("{FAE04EC0-301F-11D3-BF4B-00C04F79EFBC}") = "GodotGenerator.Desktop.Contracts", "src\GodotGenerator.Desktop.Contracts\GodotGenerator.Desktop.Contracts.csproj", "{C1A2B3D4-E5F6-7890-ABCD-EF1234567890}"
EndProject
Project("{FAE04EC0-301F-11D3-BF4B-00C04F79EFBC}") = "GodotGenerator.Desktop.Ipc.Tests", "test\GodotGenerator.Desktop.Ipc.Tests\GodotGenerator.Desktop.Ipc.Tests.csproj", "{D2B3C4E5-F6A7-8901-BCDE-F12345678901}"
EndProject
Project("{FAE04EC0-301F-11D3-BF4B-00C04F79EFBC}") = "GodotGenerator.Api.Tests", "test\GodotGenerator.Api.Tests\GodotGenerator.Api.Tests.csproj", "{1D8DC6D7-A503-4A2F-8A6E-2614FFA20E71}"
EndProject
Project("{FAE04EC0-301F-11D3-BF4B-00C04F79EFBC}") = "Godot-Generator-Blazor.Tests", "test\Godot-Generator-Blazor.Tests\Godot-Generator-Blazor.Tests.csproj", "{83CE0ECA-5278-4868-9129-E0B7D3EC97F4}"
EndProject
Project("{FAE04EC0-301F-11D3-BF4B-00C04F79EFBC}") = "Godot-Generator-Blazor", "Godot-Generator-Blazor\Godot-Generator-Blazor.csproj", "{464CE53F-65BF-4A15-8593-42D65302A99C}"
EndProject
Project("{2150E333-8FDC-42A3-9474-1A3956D46DE8}") = "GodotGenerator.Blazor", "GodotGenerator.Blazor", "{DA89C0FB-6DC4-4875-4923-5183983FCBD4}"
EndProject
Project("{FAE04EC0-301F-11D3-BF4B-00C04F79EFBC}") = "GodotGenerator.Blazor", "GodotGenerator.Blazor\GodotGenerator.Blazor\GodotGenerator.Blazor.csproj", "{B6131322-64A8-4D8E-A9A7-C0C94F8FEB3E}"
EndProject
Project("{FAE04EC0-301F-11D3-BF4B-00C04F79EFBC}") = "GodotGenerator.Blazor.Client", "GodotGenerator.Blazor\GodotGenerator.Blazor.Client\GodotGenerator.Blazor.Client.csproj", "{5555A0B1-58CF-4F5A-8C4A-B4768C839AF1}"
EndProject
Project("{FAE04EC0-301F-11D3-BF4B-00C04F79EFBC}") = "GodotGenerator.Blazor.Tests", "test\GodotGenerator.Blazor.Tests\GodotGenerator.Blazor.Tests.csproj", "{0566671B-2152-4791-89AB-62304DF01018}"
EndProject
Global
	GlobalSection(SolutionConfigurationPlatforms) = preSolution
		Debug|Any CPU = Debug|Any CPU
		Debug|x64 = Debug|x64
		Debug|x86 = Debug|x86
		Release|Any CPU = Release|Any CPU
		Release|x64 = Release|x64
		Release|x86 = Release|x86
	EndGlobalSection
	GlobalSection(ProjectConfigurationPlatforms) = postSolution
		{83E7B50D-B08B-4D8E-8DC3-A648719840E1}.Debug|Any CPU.ActiveCfg = Debug|Any CPU
		{83E7B50D-B08B-4D8E-8DC3-A648719840E1}.Debug|Any CPU.Build.0 = Debug|Any CPU
		{83E7B50D-B08B-4D8E-8DC3-A648719840E1}.Debug|x64.ActiveCfg = Debug|Any CPU
		{83E7B50D-B08B-4D8E-8DC3-A648719840E1}.Debug|x64.Build.0 = Debug|Any CPU
		{83E7B50D-B08B-4D8E-8DC3-A648719840E1}.Debug|x86.ActiveCfg = Debug|Any CPU
		{83E7B50D-B08B-4D8E-8DC3-A648719840E1}.Debug|x86.Build.0 = Debug|Any CPU
		{83E7B50D-B08B-4D8E-8DC3-A648719840E1}.Release|Any CPU.ActiveCfg = Release|Any CPU
		{83E7B50D-B08B-4D8E-8DC3-A648719840E1}.Release|Any CPU.Build.0 = Release|Any CPU
		{83E7B50D-B08B-4D8E-8DC3-A648719840E1}.Release|x64.ActiveCfg = Release|Any CPU
		{83E7B50D-B08B-4D8E-8DC3-A648719840E1}.Release|x64.Build.0 = Release|Any CPU
		{83E7B50D-B08B-4D8E-8DC3-A648719840E1}.Release|x86.ActiveCfg = Release|Any CPU
		{83E7B50D-B08B-4D8E-8DC3-A648719840E1}.Release|x86.Build.0 = Release|Any CPU
		{4C20DD87-8B93-46C6-B3DD-2784F4CA6650}.Debug|Any CPU.ActiveCfg = Debug|Any CPU
		{4C20DD87-8B93-46C6-B3DD-2784F4CA6650}.Debug|Any CPU.Build.0 = Debug|Any CPU
		{4C20DD87-8B93-46C6-B3DD-2784F4CA6650}.Debug|x64.ActiveCfg = Debug|Any CPU
		{4C20DD87-8B93-46C6-B3DD-2784F4CA6650}.Debug|x64.Build.0 = Debug|Any CPU
		{4C20DD87-8B93-46C6-B3DD-2784F4CA6650}.Debug|x86.ActiveCfg = Debug|Any CPU
		{4C20DD87-8B93-46C6-B3DD-2784F4CA6650}.Debug|x86.Build.0 = Debug|Any CPU
		{4C20DD87-8B93-46C6-B3DD-2784F4CA6650}.Release|Any CPU.ActiveCfg = Release|Any CPU
		{4C20DD87-8B93-46C6-B3DD-2784F4CA6650}.Release|Any CPU.Build.0 = Release|Any CPU
		{4C20DD87-8B93-46C6-B3DD-2784F4CA6650}.Release|x64.ActiveCfg = Release|Any CPU
		{4C20DD87-8B93-46C6-B3DD-2784F4CA6650}.Release|x64.Build.0 = Release|Any CPU
		{4C20DD87-8B93-46C6-B3DD-2784F4CA6650}.Release|x86.ActiveCfg = Release|Any CPU
		{4C20DD87-8B93-46C6-B3DD-2784F4CA6650}.Release|x86.Build.0 = Release|Any CPU
		{F96441DF-0FBB-47A2-8885-2F439DF2BDF7}.Debug|Any CPU.ActiveCfg = Debug|Any CPU
		{F96441DF-0FBB-47A2-8885-2F439DF2BDF7}.Debug|Any CPU.Build.0 = Debug|Any CPU
		{F96441DF-0FBB-47A2-8885-2F439DF2BDF7}.Debug|x64.ActiveCfg = Debug|Any CPU
		{F96441DF-0FBB-47A2-8885-2F439DF2BDF7}.Debug|x64.Build.0 = Debug|Any CPU
		{F96441DF-0FBB-47A2-8885-2F439DF2BDF7}.Debug|x86.ActiveCfg = Debug|Any CPU
		{F96441DF-0FBB-47A2-8885-2F439DF2BDF7}.Debug|x86.Build.0 = Debug|Any CPU
		{F96441DF-0FBB-47A2-8885-2F439DF2BDF7}.Release|Any CPU.ActiveCfg = Release|Any CPU
		{F96441DF-0FBB-47A2-8885-2F439DF2BDF7}.Release|Any CPU.Build.0 = Release|Any CPU
		{F96441DF-0FBB-47A2-8885-2F439DF2BDF7}.Release|x64.ActiveCfg = Release|Any CPU
		{F96441DF-0FBB-47A2-8885-2F439DF2BDF7}.Release|x64.Build.0 = Release|Any CPU
		{F96441DF-0FBB-47A2-8885-2F439DF2BDF7}.Release|x86.ActiveCfg = Release|Any CPU
		{F96441DF-0FBB-47A2-8885-2F439DF2BDF7}.Release|x86.Build.0 = Release|Any CPU
		{EE1AFC87-602F-4B3E-9AC2-64DD0D22D9C9}.Debug|Any CPU.ActiveCfg = Debug|Any CPU
		{EE1AFC87-602F-4B3E-9AC2-64DD0D22D9C9}.Debug|Any CPU.Build.0 = Debug|Any CPU
		{EE1AFC87-602F-4B3E-9AC2-64DD0D22D9C9}.Debug|x64.ActiveCfg = Debug|Any CPU
		{EE1AFC87-602F-4B3E-9AC2-64DD0D22D9C9}.Debug|x64.Build.0 = Debug|Any CPU
		{EE1AFC87-602F-4B3E-9AC2-64DD0D22D9C9}.Debug|x86.ActiveCfg = Debug|Any CPU
		{EE1AFC87-602F-4B3E-9AC2-64DD0D22D9C9}.Debug|x86.Build.0 = Debug|Any CPU
		{EE1AFC87-602F-4B3E-9AC2-64DD0D22D9C9}.Release|Any CPU.ActiveCfg = Release|Any CPU
		{EE1AFC87-602F-4B3E-9AC2-64DD0D22D9C9}.Release|Any CPU.Build.0 = Release|Any CPU
		{EE1AFC87-602F-4B3E-9AC2-64DD0D22D9C9}.Release|x64.ActiveCfg = Release|Any CPU
		{EE1AFC87-602F-4B3E-9AC2-64DD0D22D9C9}.Release|x64.Build.0 = Release|Any CPU
		{EE1AFC87-602F-4B3E-9AC2-64DD0D22D9C9}.Release|x86.ActiveCfg = Release|Any CPU
		{EE1AFC87-602F-4B3E-9AC2-64DD0D22D9C9}.Release|x86.Build.0 = Release|Any CPU
		{5B91E29D-FE32-4738-A696-8DC17E1829CD}.Debug|Any CPU.ActiveCfg = Debug|Any CPU
		{5B91E29D-FE32-4738-A696-8DC17E1829CD}.Debug|Any CPU.Build.0 = Debug|Any CPU
		{5B91E29D-FE32-4738-A696-8DC17E1829CD}.Debug|x64.ActiveCfg = Debug|Any CPU
		{5B91E29D-FE32-4738-A696-8DC17E1829CD}.Debug|x64.Build.0 = Debug|Any CPU
		{5B91E29D-FE32-4738-A696-8DC17E1829CD}.Debug|x86.ActiveCfg = Debug|Any CPU
		{5B91E29D-FE32-4738-A696-8DC17E1829CD}.Debug|x86.Build.0 = Debug|Any CPU
		{5B91E29D-FE32-4738-A696-8DC17E1829CD}.Release|Any CPU.ActiveCfg = Release|Any CPU
		{5B91E29D-FE32-4738-A696-8DC17E1829CD}.Release|Any CPU.Build.0 = Release|Any CPU
		{5B91E29D-FE32-4738-A696-8DC17E1829CD}.Release|x64.ActiveCfg = Release|Any CPU
		{5B91E29D-FE32-4738-A696-8DC17E1829CD}.Release|x64.Build.0 = Release|Any CPU
		{5B91E29D-FE32-4738-A696-8DC17E1829CD}.Release|x86.ActiveCfg = Release|Any CPU
		{5B91E29D-FE32-4738-A696-8DC17E1829CD}.Release|x86.Build.0 = Release|Any CPU
		{726550EB-2D11-4F67-8BC4-A41A28B539F9}.Debug|Any CPU.ActiveCfg = Debug|Any CPU
		{726550EB-2D11-4F67-8BC4-A41A28B539F9}.Debug|Any CPU.Build.0 = Debug|Any CPU
		{726550EB-2D11-4F67-8BC4-A41A28B539F9}.Debug|x64.ActiveCfg = Debug|Any CPU
		{726550EB-2D11-4F67-8BC4-A41A28B539F9}.Debug|x64.Build.0 = Debug|Any CPU
		{726550EB-2D11-4F67-8BC4-A41A28B539F9}.Debug|x86.ActiveCfg = Debug|Any CPU
		{726550EB-2D11-4F67-8BC4-A41A28B539F9}.Debug|x86.Build.0 = Debug|Any CPU
		{726550EB-2D11-4F67-8BC4-A41A28B539F9}.Release|Any CPU.ActiveCfg = Release|Any CPU
		{726550EB-2D11-4F67-8BC4-A41A28B539F9}.Release|Any CPU.Build.0 = Release|Any CPU
		{726550EB-2D11-4F67-8BC4-A41A28B539F9}.Release|x64.ActiveCfg = Release|Any CPU
		{726550EB-2D11-4F67-8BC4-A41A28B539F9}.Release|x64.Build.0 = Release|Any CPU
		{726550EB-2D11-4F67-8BC4-A41A28B539F9}.Release|x86.ActiveCfg = Release|Any CPU
		{726550EB-2D11-4F67-8BC4-A41A28B539F9}.Release|x86.Build.0 = Release|Any CPU
		{A3371336-0A33-4972-94E0-87976099D156}.Debug|Any CPU.ActiveCfg = Debug|Any CPU
		{A3371336-0A33-4972-94E0-87976099D156}.Debug|Any CPU.Build.0 = Debug|Any CPU
		{A3371336-0A33-4972-94E0-87976099D156}.Debug|x64.ActiveCfg = Debug|Any CPU
		{A3371336-0A33-4972-94E0-87976099D156}.Debug|x64.Build.0 = Debug|Any CPU
		{A3371336-0A33-4972-94E0-87976099D156}.Debug|x86.ActiveCfg = Debug|Any CPU
		{A3371336-0A33-4972-94E0-87976099D156}.Debug|x86.Build.0 = Debug|Any CPU
		{A3371336-0A33-4972-94E0-87976099D156}.Release|Any CPU.ActiveCfg = Release|Any CPU
		{A3371336-0A33-4972-94E0-87976099D156}.Release|Any CPU.Build.0 = Release|Any CPU
		{A3371336-0A33-4972-94E0-87976099D156}.Release|x64.ActiveCfg = Release|Any CPU
		{A3371336-0A33-4972-94E0-87976099D156}.Release|x64.Build.0 = Release|Any CPU
		{A3371336-0A33-4972-94E0-87976099D156}.Release|x86.ActiveCfg = Release|Any CPU
		{A3371336-0A33-4972-94E0-87976099D156}.Release|x86.Build.0 = Release|Any CPU
		{08178789-D289-4435-B7EE-C9536A109D8E}.Debug|Any CPU.ActiveCfg = Debug|Any CPU
		{08178789-D289-4435-B7EE-C9536A109D8E}.Debug|Any CPU.Build.0 = Debug|Any CPU
		{08178789-D289-4435-B7EE-C9536A109D8E}.Debug|x64.ActiveCfg = Debug|Any CPU
		{08178789-D289-4435-B7EE-C9536A109D8E}.Debug|x64.Build.0 = Debug|Any CPU
		{08178789-D289-4435-B7EE-C9536A109D8E}.Debug|x86.ActiveCfg = Debug|Any CPU
		{08178789-D289-4435-B7EE-C9536A109D8E}.Debug|x86.Build.0 = Debug|Any CPU
		{08178789-D289-4435-B7EE-C9536A109D8E}.Release|Any CPU.ActiveCfg = Release|Any CPU
		{08178789-D289-4435-B7EE-C9536A109D8E}.Release|Any CPU.Build.0 = Release|Any CPU
		{08178789-D289-4435-B7EE-C9536A109D8E}.Release|x64.ActiveCfg = Release|Any CPU
		{08178789-D289-4435-B7EE-C9536A109D8E}.Release|x64.Build.0 = Release|Any CPU
		{08178789-D289-4435-B7EE-C9536A109D8E}.Release|x86.ActiveCfg = Release|Any CPU
		{08178789-D289-4435-B7EE-C9536A109D8E}.Release|x86.Build.0 = Release|Any CPU
		{C1A2B3D4-E5F6-7890-ABCD-EF1234567890}.Debug|Any CPU.ActiveCfg = Debug|Any CPU
		{C1A2B3D4-E5F6-7890-ABCD-EF1234567890}.Debug|Any CPU.Build.0 = Debug|Any CPU
		{C1A2B3D4-E5F6-7890-ABCD-EF1234567890}.Debug|x64.ActiveCfg = Debug|Any CPU
		{C1A2B3D4-E5F6-7890-ABCD-EF1234567890}.Debug|x64.Build.0 = Debug|Any CPU
		{C1A2B3D4-E5F6-7890-ABCD-EF1234567890}.Debug|x86.ActiveCfg = Debug|Any CPU
		{C1A2B3D4-E5F6-7890-ABCD-EF1234567890}.Debug|x86.Build.0 = Debug|Any CPU
		{C1A2B3D4-E5F6-7890-ABCD-EF1234567890}.Release|Any CPU.ActiveCfg = Release|Any CPU
		{C1A2B3D4-E5F6-7890-ABCD-EF1234567890}.Release|Any CPU.Build.0 = Release|Any CPU
		{C1A2B3D4-E5F6-7890-ABCD-EF1234567890}.Release|x64.ActiveCfg = Release|Any CPU
		{C1A2B3D4-E5F6-7890-ABCD-EF1234567890}.Release|x64.Build.0 = Release|Any CPU
		{C1A2B3D4-E5F6-7890-ABCD-EF1234567890}.Release|x86.ActiveCfg = Release|Any CPU
		{C1A2B3D4-E5F6-7890-ABCD-EF1234567890}.Release|x86.Build.0 = Release|Any CPU
		{D2B3C4E5-F6A7-8901-BCDE-F12345678901}.Debug|Any CPU.ActiveCfg = Debug|Any CPU
		{D2B3C4E5-F6A7-8901-BCDE-F12345678901}.Debug|Any CPU.Build.0 = Debug|Any CPU
		{D2B3C4E5-F6A7-8901-BCDE-F12345678901}.Debug|x64.ActiveCfg = Debug|Any CPU
		{D2B3C4E5-F6A7-8901-BCDE-F12345678901}.Debug|x64.Build.0 = Debug|Any CPU
		{D2B3C4E5-F6A7-8901-BCDE-F12345678901}.Debug|x86.ActiveCfg = Debug|Any CPU
		{D2B3C4E5-F6A7-8901-BCDE-F12345678901}.Debug|x86.Build.0 = Debug|Any CPU
		{D2B3C4E5-F6A7-8901-BCDE-F12345678901}.Release|Any CPU.ActiveCfg = Release|Any CPU
		{D2B3C4E5-F6A7-8901-BCDE-F12345678901}.Release|Any CPU.Build.0 = Release|Any CPU
		{D2B3C4E5-F6A7-8901-BCDE-F12345678901}.Release|x64.ActiveCfg = Release|Any CPU
		{D2B3C4E5-F6A7-8901-BCDE-F12345678901}.Release|x64.Build.0 = Release|Any CPU
		{D2B3C4E5-F6A7-8901-BCDE-F12345678901}.Release|x86.ActiveCfg = Release|Any CPU
		{D2B3C4E5-F6A7-8901-BCDE-F12345678901}.Release|x86.Build.0 = Release|Any CPU
		{1D8DC6D7-A503-4A2F-8A6E-2614FFA20E71}.Debug|Any CPU.ActiveCfg = Debug|Any CPU
		{1D8DC6D7-A503-4A2F-8A6E-2614FFA20E71}.Debug|Any CPU.Build.0 = Debug|Any CPU
		{1D8DC6D7-A503-4A2F-8A6E-2614FFA20E71}.Debug|x64.ActiveCfg = Debug|Any CPU
		{1D8DC6D7-A503-4A2F-8A6E-2614FFA20E71}.Debug|x64.Build.0 = Debug|Any CPU
		{1D8DC6D7-A503-4A2F-8A6E-2614FFA20E71}.Debug|x86.ActiveCfg = Debug|Any CPU
		{1D8DC6D7-A503-4A2F-8A6E-2614FFA20E71}.Debug|x86.Build.0 = Debug|Any CPU
		{1D8DC6D7-A503-4A2F-8A6E-2614FFA20E71}.Release|Any CPU.ActiveCfg = Release|Any CPU
		{1D8DC6D7-A503-4A2F-8A6E-2614FFA20E71}.Release|Any CPU.Build.0 = Release|Any CPU
		{1D8DC6D7-A503-4A2F-8A6E-2614FFA20E71}.Release|x64.ActiveCfg = Release|Any CPU
		{1D8DC6D7-A503-4A2F-8A6E-2614FFA20E71}.Release|x64.Build.0 = Release|Any CPU
		{1D8DC6D7-A503-4A2F-8A6E-2614FFA20E71}.Release|x86.ActiveCfg = Release|Any CPU
		{1D8DC6D7-A503-4A2F-8A6E-2614FFA20E71}.Release|x86.Build.0 = Release|Any CPU
		{83CE0ECA-5278-4868-9129-E0B7D3EC97F4}.Debug|Any CPU.ActiveCfg = Debug|Any CPU
		{83CE0ECA-5278-4868-9129-E0B7D3EC97F4}.Debug|Any CPU.Build.0 = Debug|Any CPU
		{83CE0ECA-5278-4868-9129-E0B7D3EC97F4}.Debug|x64.ActiveCfg = Debug|Any CPU
		{83CE0ECA-5278-4868-9129-E0B7D3EC97F4}.Debug|x64.Build.0 = Debug|Any CPU
		{83CE0ECA-5278-4868-9129-E0B7D3EC97F4}.Debug|x86.ActiveCfg = Debug|Any CPU
		{83CE0ECA-5278-4868-9129-E0B7D3EC97F4}.Debug|x86.Build.0 = Debug|Any CPU
		{83CE0ECA-5278-4868-9129-E0B7D3EC97F4}.Release|Any CPU.ActiveCfg = Release|Any CPU
		{83CE0ECA-5278-4868-9129-E0B7D3EC97F4}.Release|Any CPU.Build.0 = Release|Any CPU
		{83CE0ECA-5278-4868-9129-E0B7D3EC97F4}.Release|x64.ActiveCfg = Release|Any CPU
		{83CE0ECA-5278-4868-9129-E0B7D3EC97F4}.Release|x64.Build.0 = Release|Any CPU
		{83CE0ECA-5278-4868-9129-E0B7D3EC97F4}.Release|x86.ActiveCfg = Release|Any CPU
		{83CE0ECA-5278-4868-9129-E0B7D3EC97F4}.Release|x86.Build.0 = Release|Any CPU
		{464CE53F-65BF-4A15-8593-42D65302A99C}.Debug|Any CPU.ActiveCfg = Debug|Any CPU
		{464CE53F-65BF-4A15-8593-42D65302A99C}.Debug|Any CPU.Build.0 = Debug|Any CPU
		{464CE53F-65BF-4A15-8593-42D65302A99C}.Debug|x64.ActiveCfg = Debug|Any CPU
		{464CE53F-65BF-4A15-8593-42D65302A99C}.Debug|x64.Build.0 = Debug|Any CPU
		{464CE53F-65BF-4A15-8593-42D65302A99C}.Debug|x86.ActiveCfg = Debug|Any CPU
		{464CE53F-65BF-4A15-8593-42D65302A99C}.Debug|x86.Build.0 = Debug|Any CPU
		{464CE53F-65BF-4A15-8593-42D65302A99C}.Release|Any CPU.ActiveCfg = Release|Any CPU
		{464CE53F-65BF-4A15-8593-42D65302A99C}.Release|Any CPU.Build.0 = Release|Any CPU
		{464CE53F-65BF-4A15-8593-42D65302A99C}.Release|x64.ActiveCfg = Release|Any CPU
		{464CE53F-65BF-4A15-8593-42D65302A99C}.Release|x64.Build.0 = Release|Any CPU
		{464CE53F-65BF-4A15-8593-42D65302A99C}.Release|x86.ActiveCfg = Release|Any CPU
		{464CE53F-65BF-4A15-8593-42D65302A99C}.Release|x86.Build.0 = Release|Any CPU
		{B6131322-64A8-4D8E-A9A7-C0C94F8FEB3E}.Debug|Any CPU.ActiveCfg = Debug|Any CPU
		{B6131322-64A8-4D8E-A9A7-C0C94F8FEB3E}.Debug|Any CPU.Build.0 = Debug|Any CPU
		{B6131322-64A8-4D8E-A9A7-C0C94F8FEB3E}.Debug|x64.ActiveCfg = Debug|Any CPU
		{B6131322-64A8-4D8E-A9A7-C0C94F8FEB3E}.Debug|x64.Build.0 = Debug|Any CPU
		{B6131322-64A8-4D8E-A9A7-C0C94F8FEB3E}.Debug|x86.ActiveCfg = Debug|Any CPU
		{B6131322-64A8-4D8E-A9A7-C0C94F8FEB3E}.Debug|x86.Build.0 = Debug|Any CPU
		{B6131322-64A8-4D8E-A9A7-C0C94F8FEB3E}.Release|Any CPU.ActiveCfg = Release|Any CPU
		{B6131322-64A8-4D8E-A9A7-C0C94F8FEB3E}.Release|Any CPU.Build.0 = Release|Any CPU
		{B6131322-64A8-4D8E-A9A7-C0C94F8FEB3E}.Release|x64.ActiveCfg = Release|Any CPU
		{B6131322-64A8-4D8E-A9A7-C0C94F8FEB3E}.Release|x64.Build.0 = Release|Any CPU
		{B6131322-64A8-4D8E-A9A7-C0C94F8FEB3E}.Release|x86.ActiveCfg = Release|Any CPU
		{B6131322-64A8-4D8E-A9A7-C0C94F8FEB3E}.Release|x86.Build.0 = Release|Any CPU
		{5555A0B1-58CF-4F5A-8C4A-B4768C839AF1}.Debug|Any CPU.ActiveCfg = Debug|Any CPU
		{5555A0B1-58CF-4F5A-8C4A-B4768C839AF1}.Debug|Any CPU.Build.0 = Debug|Any CPU
		{5555A0B1-58CF-4F5A-8C4A-B4768C839AF1}.Debug|x64.ActiveCfg = Debug|Any CPU
		{5555A0B1-58CF-4F5A-8C4A-B4768C839AF1}.Debug|x64.Build.0 = Debug|Any CPU
		{5555A0B1-58CF-4F5A-8C4A-B4768C839AF1}.Debug|x86.ActiveCfg = Debug|Any CPU
		{5555A0B1-58CF-4F5A-8C4A-B4768C839AF1}.Debug|x86.Build.0 = Debug|Any CPU
		{5555A0B1-58CF-4F5A-8C4A-B4768C839AF1}.Release|Any CPU.ActiveCfg = Release|Any CPU
		{5555A0B1-58CF-4F5A-8C4A-B4768C839AF1}.Release|Any CPU.Build.0 = Release|Any CPU
		{5555A0B1-58CF-4F5A-8C4A-B4768C839AF1}.Release|x64.ActiveCfg = Release|Any CPU
		{5555A0B1-58CF-4F5A-8C4A-B4768C839AF1}.Release|x64.Build.0 = Release|Any CPU
		{5555A0B1-58CF-4F5A-8C4A-B4768C839AF1}.Release|x86.ActiveCfg = Release|Any CPU
		{5555A0B1-58CF-4F5A-8C4A-B4768C839AF1}.Release|x86.Build.0 = Release|Any CPU
		{0566671B-2152-4791-89AB-62304DF01018}.Debug|Any CPU.ActiveCfg = Debug|Any CPU
		{0566671B-2152-4791-89AB-62304DF01018}.Debug|Any CPU.Build.0 = Debug|Any CPU
		{0566671B-2152-4791-89AB-62304DF01018}.Debug|x64.ActiveCfg = Debug|Any CPU
		{0566671B-2152-4791-89AB-62304DF01018}.Debug|x64.Build.0 = Debug|Any CPU
		{0566671B-2152-4791-89AB-62304DF01018}.Debug|x86.ActiveCfg = Debug|Any CPU
		{0566671B-2152-4791-89AB-62304DF01018}.Debug|x86.Build.0 = Debug|Any CPU
		{0566671B-2152-4791-89AB-62304DF01018}.Release|Any CPU.ActiveCfg = Release|Any CPU
		{0566671B-2152-4791-89AB-62304DF01018}.Release|Any CPU.Build.0 = Release|Any CPU
		{0566671B-2152-4791-89AB-62304DF01018}.Release|x64.ActiveCfg = Release|Any CPU
		{0566671B-2152-4791-89AB-62304DF01018}.Release|x64.Build.0 = Release|Any CPU
		{0566671B-2152-4791-89AB-62304DF01018}.Release|x86.ActiveCfg = Release|Any CPU
		{0566671B-2152-4791-89AB-62304DF01018}.Release|x86.Build.0 = Release|Any CPU
	EndGlobalSection
	GlobalSection(SolutionProperties) = preSolution
		HideSolutionNode = FALSE
	EndGlobalSection
	GlobalSection(NestedProjects) = preSolution
		{83E7B50D-B08B-4D8E-8DC3-A648719840E1} = {827E0CD3-B72D-47B6-A68D-7590B98EB39B}
		{4C20DD87-8B93-46C6-B3DD-2784F4CA6650} = {827E0CD3-B72D-47B6-A68D-7590B98EB39B}
		{F96441DF-0FBB-47A2-8885-2F439DF2BDF7} = {827E0CD3-B72D-47B6-A68D-7590B98EB39B}
		{EE1AFC87-602F-4B3E-9AC2-64DD0D22D9C9} = {827E0CD3-B72D-47B6-A68D-7590B98EB39B}
		{5B91E29D-FE32-4738-A696-8DC17E1829CD} = {0C88DD14-F956-CE84-757C-A364CCF449FC}
		{726550EB-2D11-4F67-8BC4-A41A28B539F9} = {0C88DD14-F956-CE84-757C-A364CCF449FC}
		{A3371336-0A33-4972-94E0-87976099D156} = {0C88DD14-F956-CE84-757C-A364CCF449FC}
		{08178789-D289-4435-B7EE-C9536A109D8E} = {827E0CD3-B72D-47B6-A68D-7590B98EB39B}
		{C1A2B3D4-E5F6-7890-ABCD-EF1234567890} = {827E0CD3-B72D-47B6-A68D-7590B98EB39B}
		{D2B3C4E5-F6A7-8901-BCDE-F12345678901} = {0C88DD14-F956-CE84-757C-A364CCF449FC}
		{1D8DC6D7-A503-4A2F-8A6E-2614FFA20E71} = {0C88DD14-F956-CE84-757C-A364CCF449FC}
		{83CE0ECA-5278-4868-9129-E0B7D3EC97F4} = {0C88DD14-F956-CE84-757C-A364CCF449FC}
		{B6131322-64A8-4D8E-A9A7-C0C94F8FEB3E} = {DA89C0FB-6DC4-4875-4923-5183983FCBD4}
		{5555A0B1-58CF-4F5A-8C4A-B4768C839AF1} = {DA89C0FB-6DC4-4875-4923-5183983FCBD4}
		{0566671B-2152-4791-89AB-62304DF01018} = {0C88DD14-F956-CE84-757C-A364CCF449FC}
	EndGlobalSection
	GlobalSection(ExtensibilityGlobals) = postSolution
		SolutionGuid = {73269C4D-20CF-4767-A866-7460940B79A5}
	EndGlobalSection
EndGlobal
