<Solution>
  <Folder Name="/test/">
    <Project Path="test/GodotGenerator.Application.Tests/GodotGenerator.Application.Tests.csproj" />
    <Project Path="test/GodotGenerator.Infrastructure.Ai.Tests/GodotGenerator.Infrastructure.Ai.Tests.csproj" />
    <Project Path="test/GodotGenerator.Infrastructure.Persistence.Tests/GodotGenerator.Infrastructure.Persistence.Tests.csproj" />
  </Folder>
  <Project Path="Godot-Generator-Avalonia/Godot-Generator-Avalonia.csproj" />
  <Folder Name="/src/">
    <Project Path="src/GodotGenerator.Api/GodotGenerator.Api.csproj" />
    <Project Path="src/GodotGenerator.Application/GodotGenerator.Application.csproj" />
    <Project Path="src/GodotGenerator.Domain/GodotGenerator.Domain.csproj" />
    <Project Path="src/GodotGenerator.Infrastructure.Ai/GodotGenerator.Infrastructure.Ai.csproj" />
    <Project Path="src/GodotGenerator.Infrastructure.Persistence/GodotGenerator.Infrastructure.Persistence.csproj" />
  </Folder>
</Solution>
